
Microsoft Visual Studio Solution File, Format Version 12.00
# Visual Studio 15
VisualStudioVersion = 15.0.26730.16
MinimumVisualStudioVersion = 10.0.40219.1
Project("{FAE04EC0-301F-11D3-BF4B-00C04F79EFBC}") = "HBMPrenscia", "HBMPrenscia\HBMPrenscia.csproj", "{CD38B7E5-34CA-4DD9-8C3B-ECBCCB6AC709}"
EndProject
Global
	GlobalSection(SolutionConfigurationPlatforms) = preSolution
		Debug|Any CPU = Debug|Any CPU
		Release|Any CPU = Release|Any CPU
	EndGlobalSection
	GlobalSection(ProjectConfigurationPlatforms) = postSolution
		{CD38B7E5-34CA-4DD9-8C3B-ECBCCB6AC709}.Debug|Any CPU.ActiveCfg = Debug|Any CPU
		{CD38B7E5-34CA-4DD9-8C3B-ECBCCB6AC709}.Debug|Any CPU.Build.0 = Debug|Any CPU
		{CD38B7E5-34CA-4DD9-8C3B-ECBCCB6AC709}.Release|Any CPU.ActiveCfg = Release|Any CPU
		{CD38B7E5-34CA-4DD9-8C3B-ECBCCB6AC709}.Release|Any CPU.Build.0 = Release|Any CPU
	EndGlobalSection
	GlobalSection(SolutionProperties) = preSolution
		HideSolutionNode = FALSE
	EndGlobalSection
	GlobalSection(ExtensibilityGlobals) = postSolution
		SolutionGuid = {1E6B212F-E442-44F8-8F14-7948B9262C80}
	EndGlobalSection
EndGlobal
